<Solution>
  <Project Path="RevalQuery.Blazor/RevalQuery.Blazor.csproj" />
  <Project Path="RevalQuery.Blazor.Tests/RevalQuery.Blazor.Tests.csproj" />
  <Project Path="RevalQuery.Core/RevalQuery.Core.csproj" />
  <Project Path="RevalQuery.Tests/RevalQuery.Tests.csproj" />
  <Folder Name="/examples/">
    <Project Path="examples/CachingDemo/CachingDemo/CachingDemo.csproj" />
    <Project Path="examples/CachingDemo/CachingDemo.Client/CachingDemo.Client.csproj" />
    <Project Path="examples/MudBlazorDemo/MudBlazorDemo.csproj" />
  </Folder>
</Solution>
